
Microsoft Visual Studio Solution File, Format Version 12.00
# Visual Studio Version 17
VisualStudioVersion = 17.8.34511.84
MinimumVisualStudioVersion = 10.0.40219.1
Project("{8BC9CEB8-8B4A-11D0-8D11-00A0C91BC942}") = "cPlusLabTest", "cPlusLabTest\cPlusLabTest.vcxproj", "{F84D078C-D938-4D25-A21B-C7FBE8BD86F3}"
EndProject
Global
	GlobalSection(SolutionConfigurationPlatforms) = preSolution
		Debug|x64 = Debug|x64
		Debug|x86 = Debug|x86
		Release|x64 = Release|x64
		Release|x86 = Release|x86
	EndGlobalSection
	GlobalSection(ProjectConfigurationPlatforms) = postSolution
		{F84D078C-D938-4D25-A21B-C7FBE8BD86F3}.Debug|x64.ActiveCfg = Debug|x64
		{F84D078C-D938-4D25-A21B-C7FBE8BD86F3}.Debug|x64.Build.0 = Debug|x64
		{F84D078C-D938-4D25-A21B-C7FBE8BD86F3}.Debug|x86.ActiveCfg = Debug|Win32
		{F84D078C-D938-4D25-A21B-C7FBE8BD86F3}.Debug|x86.Build.0 = Debug|Win32
		{F84D078C-D938-4D25-A21B-C7FBE8BD86F3}.Release|x64.ActiveCfg = Release|x64
		{F84D078C-D938-4D25-A21B-C7FBE8BD86F3}.Release|x64.Build.0 = Release|x64
		{F84D078C-D938-4D25-A21B-C7FBE8BD86F3}.Release|x86.ActiveCfg = Release|Win32
		{F84D078C-D938-4D25-A21B-C7FBE8BD86F3}.Release|x86.Build.0 = Release|Win32
	EndGlobalSection
	GlobalSection(SolutionProperties) = preSolution
		HideSolutionNode = FALSE
	EndGlobalSection
	GlobalSection(ExtensibilityGlobals) = postSolution
		SolutionGuid = {1EC81955-3C19-4756-8626-2E75FF44532D}
	EndGlobalSection
EndGlobal
